
Microsoft Visual Studio Solution File, Format Version 12.00
Project("{FAE04EC0-301F-11D3-BF4B-00C04F79EFBC}") = "Asteroids", "Asteroids\Asteroids.csproj", "{9A7B9D2E-D5D2-4144-BDD9-46F46E855D19}"
EndProject
Project("{FAE04EC0-301F-11D3-BF4B-00C04F79EFBC}") = "Asteroids.Core", "Asteroids.Core\Asteroids.Core.csproj", "{E8FE5566-7614-4727-9C6A-6B5A320BED36}"
EndProject
Project("{FAE04EC0-301F-11D3-BF4B-00C04F79EFBC}") = "Asteroids.Game", "Asteroids.Game\Asteroids.Game.csproj", "{7DF078B5-A15C-4F8C-9C34-0D7FF0D2ADC7}"
EndProject
Project("{FAE04EC0-301F-11D3-BF4B-00C04F79EFBC}") = "Asteroids.Core.Tests", "Asteroids.Core.Tests\Asteroids.Core.Tests.csproj", "{D752E618-29B5-4A71-9240-10171584390C}"
EndProject
Global
	GlobalSection(SolutionConfigurationPlatforms) = preSolution
		Debug|Any CPU = Debug|Any CPU
		Release|Any CPU = Release|Any CPU
	EndGlobalSection
	GlobalSection(ProjectConfigurationPlatforms) = postSolution
		{9A7B9D2E-D5D2-4144-BDD9-46F46E855D19}.Debug|Any CPU.ActiveCfg = Debug|Any CPU
		{9A7B9D2E-D5D2-4144-BDD9-46F46E855D19}.Debug|Any CPU.Build.0 = Debug|Any CPU
		{9A7B9D2E-D5D2-4144-BDD9-46F46E855D19}.Release|Any CPU.ActiveCfg = Release|Any CPU
		{9A7B9D2E-D5D2-4144-BDD9-46F46E855D19}.Release|Any CPU.Build.0 = Release|Any CPU
		{E8FE5566-7614-4727-9C6A-6B5A320BED36}.Debug|Any CPU.ActiveCfg = Debug|Any CPU
		{E8FE5566-7614-4727-9C6A-6B5A320BED36}.Debug|Any CPU.Build.0 = Debug|Any CPU
		{E8FE5566-7614-4727-9C6A-6B5A320BED36}.Release|Any CPU.ActiveCfg = Release|Any CPU
		{E8FE5566-7614-4727-9C6A-6B5A320BED36}.Release|Any CPU.Build.0 = Release|Any CPU
		{7DF078B5-A15C-4F8C-9C34-0D7FF0D2ADC7}.Debug|Any CPU.ActiveCfg = Debug|Any CPU
		{7DF078B5-A15C-4F8C-9C34-0D7FF0D2ADC7}.Debug|Any CPU.Build.0 = Debug|Any CPU
		{7DF078B5-A15C-4F8C-9C34-0D7FF0D2ADC7}.Release|Any CPU.ActiveCfg = Release|Any CPU
		{7DF078B5-A15C-4F8C-9C34-0D7FF0D2ADC7}.Release|Any CPU.Build.0 = Release|Any CPU
		{D752E618-29B5-4A71-9240-10171584390C}.Debug|Any CPU.ActiveCfg = Debug|Any CPU
		{D752E618-29B5-4A71-9240-10171584390C}.Debug|Any CPU.Build.0 = Debug|Any CPU
		{D752E618-29B5-4A71-9240-10171584390C}.Release|Any CPU.ActiveCfg = Release|Any CPU
		{D752E618-29B5-4A71-9240-10171584390C}.Release|Any CPU.Build.0 = Release|Any CPU
	EndGlobalSection
EndGlobal
